dependencies:
  idf:
    component_hash: null
    source:
      type: idf
    version: 4.4.2
  libnmea-esp32:
    component_hash: eff33c64b69934ee5913ef874957d2dec48d5e89196fc1529e200997f51a88e9
    source:
      git: https://github.com/igrr/libnmea-esp32.git
      path: .
      type: git
    version: 156dc7f18689d83034b2e197ca95079560cb3f48
manifest_hash: 779a847317f6c296a179fef33e2e495378bc21dc9d8edc2ab3903e6af6e38ed5
target: esp32s3
version: 1.0.0
